
Microsoft Visual Studio Solution File, Format Version 12.00
# Visual Studio 15
VisualStudioVersion = 15.0.27130.0
MinimumVisualStudioVersion = 10.0.40219.1
Project("{FAE04EC0-301F-11D3-BF4B-00C04F79EFBC}") = "BurSensor_Doliv", "BurSensor_Doliv\BurSensor_Doliv.csproj", "{3B715E71-FA8F-49B3-BC2C-AB808538AC7B}"
EndProject
Global
	GlobalSection(SolutionConfigurationPlatforms) = preSolution
		Debug|Any CPU = Debug|Any CPU
		Release|Any CPU = Release|Any CPU
	EndGlobalSection
	GlobalSection(ProjectConfigurationPlatforms) = postSolution
		{3B715E71-FA8F-49B3-BC2C-AB808538AC7B}.Debug|Any CPU.ActiveCfg = Debug|Any CPU
		{3B715E71-FA8F-49B3-BC2C-AB808538AC7B}.Debug|Any CPU.Build.0 = Debug|Any CPU
		{3B715E71-FA8F-49B3-BC2C-AB808538AC7B}.Release|Any CPU.ActiveCfg = Release|Any CPU
		{3B715E71-FA8F-49B3-BC2C-AB808538AC7B}.Release|Any CPU.Build.0 = Release|Any CPU
	EndGlobalSection
	GlobalSection(SolutionProperties) = preSolution
		HideSolutionNode = FALSE
	EndGlobalSection
	GlobalSection(ExtensibilityGlobals) = postSolution
		SolutionGuid = {C9E258BA-163D-4CF6-A3A0-6CB0DCF32DA1}
	EndGlobalSection
EndGlobal
